// !$*UTF8*$!
{
	archiveVersion = 1;
	classes = {
	};
	objectVersion = 51;
	objects = {

/* Begin PBXBuildFile section */
		4828C8A3468B9ED87626EF73 /* Pods_GoodWeather_Rx_GoodWeather_RxUITests.framework in Frameworks */ = {isa = PBXBuildFile; fileRef = B0F31C1F63FF5FF40B48C72E /* Pods_GoodWeather_Rx_GoodWeather_RxUITests.framework */; };
		752275673583AE6DE027A18B /* Pods_GoodWeather_RxTests.framework in Frameworks */ = {isa = PBXBuildFile; fileRef = 52FF69E03D242B8F4B2C9254 /* Pods_GoodWeather_RxTests.framework */; };
		C41D11C626297A37007D8C0E /* AppDelegate.swift in Sources */ = {isa = PBXBuildFile; fileRef = C41D11C526297A37007D8C0E /* AppDelegate.swift */; };
		C41D11C826297A37007D8C0E /* SceneDelegate.swift in Sources */ = {isa = PBXBuildFile; fileRef = C41D11C726297A37007D8C0E /* SceneDelegate.swift */; };
		C41D11CA26297A37007D8C0E /* ViewController.swift in Sources */ = {isa = PBXBuildFile; fileRef = C41D11C926297A37007D8C0E /* ViewController.swift */; };
		C41D11CD26297A37007D8C0E /* Main.storyboard in Resources */ = {isa = PBXBuildFile; fileRef = C41D11CB26297A37007D8C0E /* Main.storyboard */; };
		C41D11CF26297A38007D8C0E /* Assets.xcassets in Resources */ = {isa = PBXBuildFile; fileRef = C41D11CE26297A38007D8C0E /* Assets.xcassets */; };
		C41D11D226297A38007D8C0E /* LaunchScreen.storyboard in Resources */ = {isa = PBXBuildFile; fileRef = C41D11D026297A38007D8C0E /* LaunchScreen.storyboard */; };
		C41D11DD26297A38007D8C0E /* GoodWeather_RxTests.swift in Sources */ = {isa = PBXBuildFile; fileRef = C41D11DC26297A38007D8C0E /* GoodWeather_RxTests.swift */; };
		C41D11E826297A38007D8C0E /* GoodWeather_RxUITests.swift in Sources */ = {isa = PBXBuildFile; fileRef = C41D11E726297A38007D8C0E /* GoodWeather_RxUITests.swift */; };
		C41D120226297AEE007D8C0E /* Constants.swift in Sources */ = {isa = PBXBuildFile; fileRef = C41D120126297AEE007D8C0E /* Constants.swift */; };
		C41D120826297B48007D8C0E /* String+Extensions.swift in Sources */ = {isa = PBXBuildFile; fileRef = C41D120726297B48007D8C0E /* String+Extensions.swift */; };
		C41D121426297D14007D8C0E /* WeatherResult.swift in Sources */ = {isa = PBXBuildFile; fileRef = C41D121326297D14007D8C0E /* WeatherResult.swift */; };
		C41D121926297E1A007D8C0E /* URLRequest+Extensions.swift in Sources */ = {isa = PBXBuildFile; fileRef = C41D121826297E1A007D8C0E /* URLRequest+Extensions.swift */; };
		EFD36FD13B6DE6D101ED7BE2 /* Pods_GoodWeather_Rx.framework in Frameworks */ = {isa = PBXBuildFile; fileRef = 84F5B295C1DF9F3195DBAC35 /* Pods_GoodWeather_Rx.framework */; };
/* End PBXBuildFile section */

/* Begin PBXContainerItemProxy section */
		C41D11D926297A38007D8C0E /* PBXContainerItemProxy */ = {
			isa = PBXContainerItemProxy;
			containerPortal = C41D11BA26297A37007D8C0E /* Project object */;
			proxyType = 1;
			remoteGlobalIDString = C41D11C126297A37007D8C0E;
			remoteInfo = "GoodWeather Rx";
		};
		C41D11E426297A38007D8C0E /* PBXContainerItemProxy */ = {
			isa = PBXContainerItemProxy;
			containerPortal = C41D11BA26297A37007D8C0E /* Project object */;
			proxyType = 1;
			remoteGlobalIDString = C41D11C126297A37007D8C0E;
			remoteInfo = "GoodWeather Rx";
		};
/* End PBXContainerItemProxy section */

/* Begin PBXFileReference section */
		49649F3241BF99C374139526 /* Pods-GoodWeather RxTests.release.xcconfig */ = {isa = PBXFileReference; includeInIndex = 1; lastKnownFileType = text.xcconfig; name = "Pods-GoodWeather RxTests.release.xcconfig"; path = "Target Support Files/Pods-GoodWeather RxTests/Pods-GoodWeather RxTests.release.xcconfig"; sourceTree = "<group>"; };
		52FF69E03D242B8F4B2C9254 /* Pods_GoodWeather_RxTests.framework */ = {isa = PBXFileReference; explicitFileType = wrapper.framework; includeInIndex = 0; path = Pods_GoodWeather_RxTests.framework; sourceTree = BUILT_PRODUCTS_DIR; };
		794A75C2D34FBF4EAE0E4017 /* Pods-GoodWeather Rx.debug.xcconfig */ = {isa = PBXFileReference; includeInIndex = 1; lastKnownFileType = text.xcconfig; name = "Pods-GoodWeather Rx.debug.xcconfig"; path = "Target Support Files/Pods-GoodWeather Rx/Pods-GoodWeather Rx.debug.xcconfig"; sourceTree = "<group>"; };
		84F5B295C1DF9F3195DBAC35 /* Pods_GoodWeather_Rx.framework */ = {isa = PBXFileReference; explicitFileType = wrapper.framework; includeInIndex = 0; path = Pods_GoodWeather_Rx.framework; sourceTree = BUILT_PRODUCTS_DIR; };
		94E05561F3D40D5AA58BE4A8 /* Pods-GoodWeather Rx-GoodWeather RxUITests.debug.xcconfig */ = {isa = PBXFileReference; includeInIndex = 1; lastKnownFileType = text.xcconfig; name = "Pods-GoodWeather Rx-GoodWeather RxUITests.debug.xcconfig"; path = "Target Support Files/Pods-GoodWeather Rx-GoodWeather RxUITests/Pods-GoodWeather Rx-GoodWeather RxUITests.debug.xcconfig"; sourceTree = "<group>"; };
		ADA15FB4B5B0D042CE8FF460 /* Pods-GoodWeather Rx.release.xcconfig */ = {isa = PBXFileReference; includeInIndex = 1; lastKnownFileType = text.xcconfig; name = "Pods-GoodWeather Rx.release.xcconfig"; path = "Target Support Files/Pods-GoodWeather Rx/Pods-GoodWeather Rx.release.xcconfig"; sourceTree = "<group>"; };
		B0F31C1F63FF5FF40B48C72E /* Pods_GoodWeather_Rx_GoodWeather_RxUITests.framework */ = {isa = PBXFileReference; explicitFileType = wrapper.framework; includeInIndex = 0; path = Pods_GoodWeather_Rx_GoodWeather_RxUITests.framework; sourceTree = BUILT_PRODUCTS_DIR; };
		C41D11C226297A37007D8C0E /* GoodWeather Rx.app */ = {isa = PBXFileReference; explicitFileType = wrapper.application; includeInIndex = 0; path = "GoodWeather Rx.app"; sourceTree = BUILT_PRODUCTS_DIR; };
		C41D11C526297A37007D8C0E /* AppDelegate.swift */ = {isa = PBXFileReference; lastKnownFileType = sourcecode.swift; path = AppDelegate.swift; sourceTree = "<group>"; };
		C41D11C726297A37007D8C0E /* SceneDelegate.swift */ = {isa = PBXFileReference; lastKnownFileType = sourcecode.swift; path = SceneDelegate.swift; sourceTree = "<group>"; };
		C41D11C926297A37007D8C0E /* ViewController.swift */ = {isa = PBXFileReference; lastKnownFileType = sourcecode.swift; path = ViewController.swift; sourceTree = "<group>"; };
		C41D11CC26297A37007D8C0E /* Base */ = {isa = PBXFileReference; lastKnownFileType = file.storyboard; name = Base; path = Base.lproj/Main.storyboard; sourceTree = "<group>"; };
		C41D11CE26297A38007D8C0E /* Assets.xcassets */ = {isa = PBXFileReference; lastKnownFileType = folder.assetcatalog; path = Assets.xcassets; sourceTree = "<group>"; };
		C41D11D126297A38007D8C0E /* Base */ = {isa = PBXFileReference; lastKnownFileType = file.storyboard; name = Base; path = Base.lproj/LaunchScreen.storyboard; sourceTree = "<group>"; };
		C41D11D326297A38007D8C0E /* Info.plist */ = {isa = PBXFileReference; lastKnownFileType = text.plist.xml; path = Info.plist; sourceTree = "<group>"; };
		C41D11D826297A38007D8C0E /* GoodWeather RxTests.xctest */ = {isa = PBXFileReference; explicitFileType = wrapper.cfbundle; includeInIndex = 0; path = "GoodWeather RxTests.xctest"; sourceTree = BUILT_PRODUCTS_DIR; };
		C41D11DC26297A38007D8C0E /* GoodWeather_RxTests.swift */ = {isa = PBXFileReference; lastKnownFileType = sourcecode.swift; path = GoodWeather_RxTests.swift; sourceTree = "<group>"; };
		C41D11DE26297A38007D8C0E /* Info.plist */ = {isa = PBXFileReference; lastKnownFileType = text.plist.xml; path = Info.plist; sourceTree = "<group>"; };
		C41D11E326297A38007D8C0E /* GoodWeather RxUITests.xctest */ = {isa = PBXFileReference; explicitFileType = wrapper.cfbundle; includeInIndex = 0; path = "GoodWeather RxUITests.xctest"; sourceTree = BUILT_PRODUCTS_DIR; };
		C41D11E726297A38007D8C0E /* GoodWeather_RxUITests.swift */ = {isa = PBXFileReference; lastKnownFileType = sourcecode.swift; path = GoodWeather_RxUITests.swift; sourceTree = "<group>"; };
		C41D11E926297A38007D8C0E /* Info.plist */ = {isa = PBXFileReference; lastKnownFileType = text.plist.xml; path = Info.plist; sourceTree = "<group>"; };
		C41D120126297AEE007D8C0E /* Constants.swift */ = {isa = PBXFileReference; lastKnownFileType = sourcecode.swift; path = Constants.swift; sourceTree = "<group>"; };
		C41D120726297B48007D8C0E /* String+Extensions.swift */ = {isa = PBXFileReference; lastKnownFileType = sourcecode.swift; path = "String+Extensions.swift"; sourceTree = "<group>"; };
		C41D121326297D14007D8C0E /* WeatherResult.swift */ = {isa = PBXFileReference; lastKnownFileType = sourcecode.swift; path = WeatherResult.swift; sourceTree = "<group>"; };
		C41D121826297E1A007D8C0E /* URLRequest+Extensions.swift */ = {isa = PBXFileReference; lastKnownFileType = sourcecode.swift; path = "URLRequest+Extensions.swift"; sourceTree = "<group>"; };
		C64B54A01542790C05DF9962 /* Pods-GoodWeather RxTests.debug.xcconfig */ = {isa = PBXFileReference; includeInIndex = 1; lastKnownFileType = text.xcconfig; name = "Pods-GoodWeather RxTests.debug.xcconfig"; path = "Target Support Files/Pods-GoodWeather RxTests/Pods-GoodWeather RxTests.debug.xcconfig"; sourceTree = "<group>"; };
		D0FE37C7587CE2F0C42D744A /* Pods-GoodWeather Rx-GoodWeather RxUITests.release.xcconfig */ = {isa = PBXFileReference; includeInIndex = 1; lastKnownFileType = text.xcconfig; name = "Pods-GoodWeather Rx-GoodWeather RxUITests.release.xcconfig"; path = "Target Support Files/Pods-GoodWeather Rx-GoodWeather RxUITests/Pods-GoodWeather Rx-GoodWeather RxUITests.release.xcconfig"; sourceTree = "<group>"; };
/* End PBXFileReference section */

/* Begin PBXFrameworksBuildPhase section */
		C41D11BF26297A37007D8C0E /* Frameworks */ = {
			isa = PBXFrameworksBuildPhase;
			buildActionMask = 2147483647;
			files = (
				EFD36FD13B6DE6D101ED7BE2 /* Pods_GoodWeather_Rx.framework in Frameworks */,
			);
			runOnlyForDeploymentPostprocessing = 0;
		};
		C41D11D526297A38007D8C0E /* Frameworks */ = {
			isa = PBXFrameworksBuildPhase;
			buildActionMask = 2147483647;
			files = (
				752275673583AE6DE027A18B /* Pods_GoodWeather_RxTests.framework in Frameworks */,
			);
			runOnlyForDeploymentPostprocessing = 0;
		};
		C41D11E026297A38007D8C0E /* Frameworks */ = {
			isa = PBXFrameworksBuildPhase;
			buildActionMask = 2147483647;
			files = (
				4828C8A3468B9ED87626EF73 /* Pods_GoodWeather_Rx_GoodWeather_RxUITests.framework in Frameworks */,
			);
			runOnlyForDeploymentPostprocessing = 0;
		};
/* End PBXFrameworksBuildPhase section */

/* Begin PBXGroup section */
		6F9A4D5ACD126AD5E146E855 /* Pods */ = {
			isa = PBXGroup;
			children = (
				794A75C2D34FBF4EAE0E4017 /* Pods-GoodWeather Rx.debug.xcconfig */,
				ADA15FB4B5B0D042CE8FF460 /* Pods-GoodWeather Rx.release.xcconfig */,
				94E05561F3D40D5AA58BE4A8 /* Pods-GoodWeather Rx-GoodWeather RxUITests.debug.xcconfig */,
				D0FE37C7587CE2F0C42D744A /* Pods-GoodWeather Rx-GoodWeather RxUITests.release.xcconfig */,
				C64B54A01542790C05DF9962 /* Pods-GoodWeather RxTests.debug.xcconfig */,
				49649F3241BF99C374139526 /* Pods-GoodWeather RxTests.release.xcconfig */,
			);
			path = Pods;
			sourceTree = "<group>";
		};
		7BC7FA11828D33A636E8E6D5 /* Frameworks */ = {
			isa = PBXGroup;
			children = (
				84F5B295C1DF9F3195DBAC35 /* Pods_GoodWeather_Rx.framework */,
				B0F31C1F63FF5FF40B48C72E /* Pods_GoodWeather_Rx_GoodWeather_RxUITests.framework */,
				52FF69E03D242B8F4B2C9254 /* Pods_GoodWeather_RxTests.framework */,
			);
			name = Frameworks;
			sourceTree = "<group>";
		};
		C41D11B926297A37007D8C0E = {
			isa = PBXGroup;
			children = (
				C41D11C426297A37007D8C0E /* GoodWeather Rx */,
				C41D11DB26297A38007D8C0E /* GoodWeather RxTests */,
				C41D11E626297A38007D8C0E /* GoodWeather RxUITests */,
				C41D11C326297A37007D8C0E /* Products */,
				6F9A4D5ACD126AD5E146E855 /* Pods */,
				7BC7FA11828D33A636E8E6D5 /* Frameworks */,
			);
			sourceTree = "<group>";
		};
		C41D11C326297A37007D8C0E /* Products */ = {
			isa = PBXGroup;
			children = (
				C41D11C226297A37007D8C0E /* GoodWeather Rx.app */,
				C41D11D826297A38007D8C0E /* GoodWeather RxTests.xctest */,
				C41D11E326297A38007D8C0E /* GoodWeather RxUITests.xctest */,
			);
			name = Products;
			sourceTree = "<group>";
		};
		C41D11C426297A37007D8C0E /* GoodWeather Rx */ = {
			isa = PBXGroup;
			children = (
				C41D120F26297C98007D8C0E /* Models */,
				C41D120626297B3E007D8C0E /* Extensions */,
				C41D11C526297A37007D8C0E /* AppDelegate.swift */,
				C41D11C726297A37007D8C0E /* SceneDelegate.swift */,
				C41D11C926297A37007D8C0E /* ViewController.swift */,
				C41D11CB26297A37007D8C0E /* Main.storyboard */,
				C41D11CE26297A38007D8C0E /* Assets.xcassets */,
				C41D11D026297A38007D8C0E /* LaunchScreen.storyboard */,
				C41D11D326297A38007D8C0E /* Info.plist */,
				C41D120126297AEE007D8C0E /* Constants.swift */,
			);
			path = "GoodWeather Rx";
			sourceTree = "<group>";
		};
		C41D11DB26297A38007D8C0E /* GoodWeather RxTests */ = {
			isa = PBXGroup;
			children = (
				C41D11DC26297A38007D8C0E /* GoodWeather_RxTests.swift */,
				C41D11DE26297A38007D8C0E /* Info.plist */,
			);
			path = "GoodWeather RxTests";
			sourceTree = "<group>";
		};
		C41D11E626297A38007D8C0E /* GoodWeather RxUITests */ = {
			isa = PBXGroup;
			children = (
				C41D11E726297A38007D8C0E /* GoodWeather_RxUITests.swift */,
				C41D11E926297A38007D8C0E /* Info.plist */,
			);
			path = "GoodWeather RxUITests";
			sourceTree = "<group>";
		};
		C41D120626297B3E007D8C0E /* Extensions */ = {
			isa = PBXGroup;
			children = (
				C41D120726297B48007D8C0E /* String+Extensions.swift */,
				C41D121826297E1A007D8C0E /* URLRequest+Extensions.swift */,
			);
			path = Extensions;
			sourceTree = "<group>";
		};
		C41D120F26297C98007D8C0E /* Models */ = {
			isa = PBXGroup;
			children = (
				C41D121326297D14007D8C0E /* WeatherResult.swift */,
			);
			path = Models;
			sourceTree = "<group>";
		};
/* End PBXGroup section */

/* Begin PBXNativeTarget section */
		C41D11C126297A37007D8C0E /* GoodWeather Rx */ = {
			isa = PBXNativeTarget;
			buildConfigurationList = C41D11EC26297A38007D8C0E /* Build configuration list for PBXNativeTarget "GoodWeather Rx" */;
			buildPhases = (
				2E568887A6515A5BEA77556C /* [CP] Check Pods Manifest.lock */,
				C41D11BE26297A37007D8C0E /* Sources */,
				C41D11BF26297A37007D8C0E /* Frameworks */,
				C41D11C026297A37007D8C0E /* Resources */,
				F8267DEB5968F2DB90A4658A /* [CP] Embed Pods Frameworks */,
			);
			buildRules = (
			);
			dependencies = (
			);
			name = "GoodWeather Rx";
			productName = "GoodWeather Rx";
			productReference = C41D11C226297A37007D8C0E /* GoodWeather Rx.app */;
			productType = "com.apple.product-type.application";
		};
		C41D11D726297A38007D8C0E /* GoodWeather RxTests */ = {
			isa = PBXNativeTarget;
			buildConfigurationList = C41D11EF26297A38007D8C0E /* Build configuration list for PBXNativeTarget "GoodWeather RxTests" */;
			buildPhases = (
				0A0EA53B20F0F1E8CB7E6CCA /* [CP] Check Pods Manifest.lock */,
				C41D11D426297A38007D8C0E /* Sources */,
				C41D11D526297A38007D8C0E /* Frameworks */,
				C41D11D626297A38007D8C0E /* Resources */,
			);
			buildRules = (
			);
			dependencies = (
				C41D11DA26297A38007D8C0E /* PBXTargetDependency */,
			);
			name = "GoodWeather RxTests";
			productName = "GoodWeather RxTests";
			productReference = C41D11D826297A38007D8C0E /* GoodWeather RxTests.xctest */;
			productType = "com.apple.product-type.bundle.unit-test";
		};
		C41D11E226297A38007D8C0E /* GoodWeather RxUITests */ = {
			isa = PBXNativeTarget;
			buildConfigurationList = C41D11F226297A38007D8C0E /* Build configuration list for PBXNativeTarget "GoodWeather RxUITests" */;
			buildPhases = (
				062C6C2C9DF56195F56B7505 /* [CP] Check Pods Manifest.lock */,
				C41D11DF26297A38007D8C0E /* Sources */,
				C41D11E026297A38007D8C0E /* Frameworks */,
				C41D11E126297A38007D8C0E /* Resources */,
				7E19E1E95FFC4A4B05082E9F /* [CP] Embed Pods Frameworks */,
			);
			buildRules = (
			);
			dependencies = (
				C41D11E526297A38007D8C0E /* PBXTargetDependency */,
			);
			name = "GoodWeather RxUITests";
			productName = "GoodWeather RxUITests";
			productReference = C41D11E326297A38007D8C0E /* GoodWeather RxUITests.xctest */;
			productType = "com.apple.product-type.bundle.ui-testing";
		};
/* End PBXNativeTarget section */

/* Begin PBXProject section */
		C41D11BA26297A37007D8C0E /* Project object */ = {
			isa = PBXProject;
			attributes = {
				LastSwiftUpdateCheck = 1240;
				LastUpgradeCheck = 1240;
				TargetAttributes = {
					C41D11C126297A37007D8C0E = {
						CreatedOnToolsVersion = 12.4;
					};
					C41D11D726297A38007D8C0E = {
						CreatedOnToolsVersion = 12.4;
						TestTargetID = C41D11C126297A37007D8C0E;
					};
					C41D11E226297A38007D8C0E = {
						CreatedOnToolsVersion = 12.4;
						TestTargetID = C41D11C126297A37007D8C0E;
					};
				};
			};
			buildConfigurationList = C41D11BD26297A37007D8C0E /* Build configuration list for PBXProject "GoodWeather Rx" */;
			compatibilityVersion = "Xcode 9.3";
			developmentRegion = en;
			hasScannedForEncodings = 0;
			knownRegions = (
				en,
				Base,
			);
			mainGroup = C41D11B926297A37007D8C0E;
			productRefGroup = C41D11C326297A37007D8C0E /* Products */;
			projectDirPath = "";
			projectRoot = "";
			targets = (
				C41D11C126297A37007D8C0E /* GoodWeather Rx */,
				C41D11D726297A38007D8C0E /* GoodWeather RxTests */,
				C41D11E226297A38007D8C0E /* GoodWeather RxUITests */,
			);
		};
/* End PBXProject section */

/* Begin PBXResourcesBuildPhase section */
		C41D11C026297A37007D8C0E /* Resources */ = {
			isa = PBXResourcesBuildPhase;
			buildActionMask = 2147483647;
			files = (
				C41D11D226297A38007D8C0E /* LaunchScreen.storyboard in Resources */,
				C41D11CF26297A38007D8C0E /* Assets.xcassets in Resources */,
				C41D11CD26297A37007D8C0E /* Main.storyboard in Resources */,
			);
			runOnlyForDeploymentPostprocessing = 0;
		};
		C41D11D626297A38007D8C0E /* Resources */ = {
			isa = PBXResourcesBuildPhase;
			buildActionMask = 2147483647;
			files = (
			);
			runOnlyForDeploymentPostprocessing = 0;
		};
		C41D11E126297A38007D8C0E /* Resources */ = {
			isa = PBXResourcesBuildPhase;
			buildActionMask = 2147483647;
			files = (
			);
			runOnlyForDeploymentPostprocessing = 0;
		};
/* End PBXResourcesBuildPhase section */

/* Begin PBXShellScriptBuildPhase section */
		062C6C2C9DF56195F56B7505 /* [CP] Check Pods Manifest.lock */ = {
			isa = PBXShellScriptBuildPhase;
			buildActionMask = 2147483647;
			files = (
			);
			inputFileListPaths = (
			);
			inputPaths = (
				"${PODS_PODFILE_DIR_PATH}/Podfile.lock",
				"${PODS_ROOT}/Manifest.lock",
			);
			name = "[CP] Check Pods Manifest.lock";
			outputFileListPaths = (
			);
			outputPaths = (
				"$(DERIVED_FILE_DIR)/Pods-GoodWeather Rx-GoodWeather RxUITests-checkManifestLockResult.txt",
			);
			runOnlyForDeploymentPostprocessing = 0;
			shellPath = /bin/sh;
			shellScript = "diff \"${PODS_PODFILE_DIR_PATH}/Podfile.lock\" \"${PODS_ROOT}/Manifest.lock\" > /dev/null\nif [ $? != 0 ] ; then\n    # print error to STDERR\n    echo \"error: The sandbox is not in sync with the Podfile.lock. Run 'pod install' or update your CocoaPods installation.\" >&2\n    exit 1\nfi\n# This output is used by Xcode 'outputs' to avoid re-running this script phase.\necho \"SUCCESS\" > \"${SCRIPT_OUTPUT_FILE_0}\"\n";
			showEnvVarsInLog = 0;
		};
		0A0EA53B20F0F1E8CB7E6CCA /* [CP] Check Pods Manifest.lock */ = {
			isa = PBXShellScriptBuildPhase;
			buildActionMask = 2147483647;
			files = (
			);
			inputFileListPaths = (
			);
			inputPaths = (
				"${PODS_PODFILE_DIR_PATH}/Podfile.lock",
				"${PODS_ROOT}/Manifest.lock",
			);
			name = "[CP] Check Pods Manifest.lock";
			outputFileListPaths = (
			);
			outputPaths = (
				"$(DERIVED_FILE_DIR)/Pods-GoodWeather RxTests-checkManifestLockResult.txt",
			);
			runOnlyForDeploymentPostprocessing = 0;
			shellPath = /bin/sh;
			shellScript = "diff \"${PODS_PODFILE_DIR_PATH}/Podfile.lock\" \"${PODS_ROOT}/Manifest.lock\" > /dev/null\nif [ $? != 0 ] ; then\n    # print error to STDERR\n    echo \"error: The sandbox is not in sync with the Podfile.lock. Run 'pod install' or update your CocoaPods installation.\" >&2\n    exit 1\nfi\n# This output is used by Xcode 'outputs' to avoid re-running this script phase.\necho \"SUCCESS\" > \"${SCRIPT_OUTPUT_FILE_0}\"\n";
			showEnvVarsInLog = 0;
		};
		2E568887A6515A5BEA77556C /* [CP] Check Pods Manifest.lock */ = {
			isa = PBXShellScriptBuildPhase;
			buildActionMask = 2147483647;
			files = (
			);
			inputFileListPaths = (
			);
			inputPaths = (
				"${PODS_PODFILE_DIR_PATH}/Podfile.lock",
				"${PODS_ROOT}/Manifest.lock",
			);
			name = "[CP] Check Pods Manifest.lock";
			outputFileListPaths = (
			);
			outputPaths = (
				"$(DERIVED_FILE_DIR)/Pods-GoodWeather Rx-checkManifestLockResult.txt",
			);
			runOnlyForDeploymentPostprocessing = 0;
			shellPath = /bin/sh;
			shellScript = "diff \"${PODS_PODFILE_DIR_PATH}/Podfile.lock\" \"${PODS_ROOT}/Manifest.lock\" > /dev/null\nif [ $? != 0 ] ; then\n    # print error to STDERR\n    echo \"error: The sandbox is not in sync with the Podfile.lock. Run 'pod install' or update your CocoaPods installation.\" >&2\n    exit 1\nfi\n# This output is used by Xcode 'outputs' to avoid re-running this script phase.\necho \"SUCCESS\" > \"${SCRIPT_OUTPUT_FILE_0}\"\n";
			showEnvVarsInLog = 0;
		};
		7E19E1E95FFC4A4B05082E9F /* [CP] Embed Pods Frameworks */ = {
			isa = PBXShellScriptBuildPhase;
			buildActionMask = 2147483647;
			files = (
			);
			inputFileListPaths = (
				"${PODS_ROOT}/Target Support Files/Pods-GoodWeather Rx-GoodWeather RxUITests/Pods-GoodWeather Rx-GoodWeather RxUITests-frameworks-${CONFIGURATION}-input-files.xcfilelist",
			);
			name = "[CP] Embed Pods Frameworks";
			outputFileListPaths = (
				"${PODS_ROOT}/Target Support Files/Pods-GoodWeather Rx-GoodWeather RxUITests/Pods-GoodWeather Rx-GoodWeather RxUITests-frameworks-${CONFIGURATION}-output-files.xcfilelist",
			);
			runOnlyForDeploymentPostprocessing = 0;
			shellPath = /bin/sh;
			shellScript = "\"${PODS_ROOT}/Target Support Files/Pods-GoodWeather Rx-GoodWeather RxUITests/Pods-GoodWeather Rx-GoodWeather RxUITests-frameworks.sh\"\n";
			showEnvVarsInLog = 0;
		};
		F8267DEB5968F2DB90A4658A /* [CP] Embed Pods Frameworks */ = {
			isa = PBXShellScriptBuildPhase;
			buildActionMask = 2147483647;
			files = (
			);
			inputFileListPaths = (
				"${PODS_ROOT}/Target Support Files/Pods-GoodWeather Rx/Pods-GoodWeather Rx-frameworks-${CONFIGURATION}-input-files.xcfilelist",
			);
			name = "[CP] Embed Pods Frameworks";
			outputFileListPaths = (
				"${PODS_ROOT}/Target Support Files/Pods-GoodWeather Rx/Pods-GoodWeather Rx-frameworks-${CONFIGURATION}-output-files.xcfilelist",
			);
			runOnlyForDeploymentPostprocessing = 0;
			shellPath = /bin/sh;
			shellScript = "\"${PODS_ROOT}/Target Support Files/Pods-GoodWeather Rx/Pods-GoodWeather Rx-frameworks.sh\"\n";
			showEnvVarsInLog = 0;
		};
/* End PBXShellScriptBuildPhase section */

/* Begin PBXSourcesBuildPhase section */
		C41D11BE26297A37007D8C0E /* Sources */ = {
			isa = PBXSourcesBuildPhase;
			buildActionMask = 2147483647;
			files = (
				C41D120826297B48007D8C0E /* String+Extensions.swift in Sources */,
				C41D11CA26297A37007D8C0E /* ViewController.swift in Sources */,
				C41D11C626297A37007D8C0E /* AppDelegate.swift in Sources */,
				C41D121426297D14007D8C0E /* WeatherResult.swift in Sources */,
				C41D121926297E1A007D8C0E /* URLRequest+Extensions.swift in Sources */,
				C41D11C826297A37007D8C0E /* SceneDelegate.swift in Sources */,
				C41D120226297AEE007D8C0E /* Constants.swift in Sources */,
			);
			runOnlyForDeploymentPostprocessing = 0;
		};
		C41D11D426297A38007D8C0E /* Sources */ = {
			isa = PBXSourcesBuildPhase;
			buildActionMask = 2147483647;
			files = (
				C41D11DD26297A38007D8C0E /* GoodWeather_RxTests.swift in Sources */,
			);
			runOnlyForDeploymentPostprocessing = 0;
		};
		C41D11DF26297A38007D8C0E /* Sources */ = {
			isa = PBXSourcesBuildPhase;
			buildActionMask = 2147483647;
			files = (
				C41D11E826297A38007D8C0E /* GoodWeather_RxUITests.swift in Sources */,
			);
			runOnlyForDeploymentPostprocessing = 0;
		};
/* End PBXSourcesBuildPhase section */

/* Begin PBXTargetDependency section */
		C41D11DA26297A38007D8C0E /* PBXTargetDependency */ = {
			isa = PBXTargetDependency;
			target = C41D11C126297A37007D8C0E /* GoodWeather Rx */;
			targetProxy = C41D11D926297A38007D8C0E /* PBXContainerItemProxy */;
		};
		C41D11E526297A38007D8C0E /* PBXTargetDependency */ = {
			isa = PBXTargetDependency;
			target = C41D11C126297A37007D8C0E /* GoodWeather Rx */;
			targetProxy = C41D11E426297A38007D8C0E /* PBXContainerItemProxy */;
		};
/* End PBXTargetDependency section */

/* Begin PBXVariantGroup section */
		C41D11CB26297A37007D8C0E /* Main.storyboard */ = {
			isa = PBXVariantGroup;
			children = (
				C41D11CC26297A37007D8C0E /* Base */,
			);
			name = Main.storyboard;
			sourceTree = "<group>";
		};
		C41D11D026297A38007D8C0E /* LaunchScreen.storyboard */ = {
			isa = PBXVariantGroup;
			children = (
				C41D11D126297A38007D8C0E /* Base */,
			);
			name = LaunchScreen.storyboard;
			sourceTree = "<group>";
		};
/* End PBXVariantGroup section */

/* Begin XCBuildConfiguration section */
		C41D11EA26297A38007D8C0E /* Debug */ = {
			isa = XCBuildConfiguration;
			buildSettings = {
				ALWAYS_SEARCH_USER_PATHS = NO;
				CLANG_ANALYZER_NONNULL = YES;
				CLANG_ANALYZER_NUMBER_OBJECT_CONVERSION = YES_AGGRESSIVE;
				CLANG_CXX_LANGUAGE_STANDARD = "gnu++14";
				CLANG_CXX_LIBRARY = "libc++";
				CLANG_ENABLE_MODULES = YES;
				CLANG_ENABLE_OBJC_ARC = YES;
				CLANG_ENABLE_OBJC_WEAK = YES;
				CLANG_WARN_BLOCK_CAPTURE_AUTORELEASING = YES;
				CLANG_WARN_BOOL_CONVERSION = YES;
				CLANG_WARN_COMMA = YES;
				CLANG_WARN_CONSTANT_CONVERSION = YES;
				CLANG_WARN_DEPRECATED_OBJC_IMPLEMENTATIONS = YES;
				CLANG_WARN_DIRECT_OBJC_ISA_USAGE = YES_ERROR;
				CLANG_WARN_DOCUMENTATION_COMMENTS = YES;
				CLANG_WARN_EMPTY_BODY = YES;
				CLANG_WARN_ENUM_CONVERSION = YES;
				CLANG_WARN_INFINITE_RECURSION = YES;
				CLANG_WARN_INT_CONVERSION = YES;
				CLANG_WARN_NON_LITERAL_NULL_CONVERSION = YES;
				CLANG_WARN_OBJC_IMPLICIT_RETAIN_SELF = YES;
				CLANG_WARN_OBJC_LITERAL_CONVERSION = YES;
				CLANG_WARN_OBJC_ROOT_CLASS = YES_ERROR;
				CLANG_WARN_QUOTED_INCLUDE_IN_FRAMEWORK_HEADER = YES;
				CLANG_WARN_RANGE_LOOP_ANALYSIS = YES;
				CLANG_WARN_STRICT_PROTOTYPES = YES;
				CLANG_WARN_SUSPICIOUS_MOVE = YES;
				CLANG_WARN_UNGUARDED_AVAILABILITY = YES_AGGRESSIVE;
				CLANG_WARN_UNREACHABLE_CODE = YES;
				CLANG_WARN__DUPLICATE_METHOD_MATCH = YES;
				COPY_PHASE_STRIP = NO;
				DEBUG_INFORMATION_FORMAT = dwarf;
				ENABLE_STRICT_OBJC_MSGSEND = YES;
				ENABLE_TESTABILITY = YES;
				GCC_C_LANGUAGE_STANDARD = gnu11;
				GCC_DYNAMIC_NO_PIC = NO;
				GCC_NO_COMMON_BLOCKS = YES;
				GCC_OPTIMIZATION_LEVEL = 0;
				GCC_PREPROCESSOR_DEFINITIONS = (
					"DEBUG=1",
					"$(inherited)",
				);
				GCC_WARN_64_TO_32_BIT_CONVERSION = YES;
				GCC_WARN_ABOUT_RETURN_TYPE = YES_ERROR;
				GCC_WARN_UNDECLARED_SELECTOR = YES;
				GCC_WARN_UNINITIALIZED_AUTOS = YES_AGGRESSIVE;
				GCC_WARN_UNUSED_FUNCTION = YES;
				GCC_WARN_UNUSED_VARIABLE = YES;
				IPHONEOS_DEPLOYMENT_TARGET = 14.4;
				MTL_ENABLE_DEBUG_INFO = INCLUDE_SOURCE;
				MTL_FAST_MATH = YES;
				ONLY_ACTIVE_ARCH = YES;
				SDKROOT = iphoneos;
				SWIFT_ACTIVE_COMPILATION_CONDITIONS = DEBUG;
				SWIFT_OPTIMIZATION_LEVEL = "-Onone";
			};
			name = Debug;
		};
		C41D11EB26297A38007D8C0E /* Release */ = {
			isa = XCBuildConfiguration;
			buildSettings = {
				ALWAYS_SEARCH_USER_PATHS = NO;
				CLANG_ANALYZER_NONNULL = YES;
				CLANG_ANALYZER_NUMBER_OBJECT_CONVERSION = YES_AGGRESSIVE;
				CLANG_CXX_LANGUAGE_STANDARD = "gnu++14";
				CLANG_CXX_LIBRARY = "libc++";
				CLANG_ENABLE_MODULES = YES;
				CLANG_ENABLE_OBJC_ARC = YES;
				CLANG_ENABLE_OBJC_WEAK = YES;
				CLANG_WARN_BLOCK_CAPTURE_AUTORELEASING = YES;
				CLANG_WARN_BOOL_CONVERSION = YES;
				CLANG_WARN_COMMA = YES;
				CLANG_WARN_CONSTANT_CONVERSION = YES;
				CLANG_WARN_DEPRECATED_OBJC_IMPLEMENTATIONS = YES;
				CLANG_WARN_DIRECT_OBJC_ISA_USAGE = YES_ERROR;
				CLANG_WARN_DOCUMENTATION_COMMENTS = YES;
				CLANG_WARN_EMPTY_BODY = YES;
				CLANG_WARN_ENUM_CONVERSION = YES;
				CLANG_WARN_INFINITE_RECURSION = YES;
				CLANG_WARN_INT_CONVERSION = YES;
				CLANG_WARN_NON_LITERAL_NULL_CONVERSION = YES;
				CLANG_WARN_OBJC_IMPLICIT_RETAIN_SELF = YES;
				CLANG_WARN_OBJC_LITERAL_CONVERSION = YES;
				CLANG_WARN_OBJC_ROOT_CLASS = YES_ERROR;
				CLANG_WARN_QUOTED_INCLUDE_IN_FRAMEWORK_HEADER = YES;
				CLANG_WARN_RANGE_LOOP_ANALYSIS = YES;
				CLANG_WARN_STRICT_PROTOTYPES = YES;
				CLANG_WARN_SUSPICIOUS_MOVE = YES;
				CLANG_WARN_UNGUARDED_AVAILABILITY = YES_AGGRESSIVE;
				CLANG_WARN_UNREACHABLE_CODE = YES;
				CLANG_WARN__DUPLICATE_METHOD_MATCH = YES;
				COPY_PHASE_STRIP = NO;
				DEBUG_INFORMATION_FORMAT = "dwarf-with-dsym";
				ENABLE_NS_ASSERTIONS = NO;
				ENABLE_STRICT_OBJC_MSGSEND = YES;
				GCC_C_LANGUAGE_STANDARD = gnu11;
				GCC_NO_COMMON_BLOCKS = YES;
				GCC_WARN_64_TO_32_BIT_CONVERSION = YES;
				GCC_WARN_ABOUT_RETURN_TYPE = YES_ERROR;
				GCC_WARN_UNDECLARED_SELECTOR = YES;
				GCC_WARN_UNINITIALIZED_AUTOS = YES_AGGRESSIVE;
				GCC_WARN_UNUSED_FUNCTION = YES;
				GCC_WARN_UNUSED_VARIABLE = YES;
				IPHONEOS_DEPLOYMENT_TARGET = 14.4;
				MTL_ENABLE_DEBUG_INFO = NO;
				MTL_FAST_MATH = YES;
				SDKROOT = iphoneos;
				SWIFT_COMPILATION_MODE = wholemodule;
				SWIFT_OPTIMIZATION_LEVEL = "-O";
				VALIDATE_PRODUCT = YES;
			};
			name = Release;
		};
		C41D11ED26297A38007D8C0E /* Debug */ = {
			isa = XCBuildConfiguration;
			baseConfigurationReference = 794A75C2D34FBF4EAE0E4017 /* Pods-GoodWeather Rx.debug.xcconfig */;
			buildSettings = {
				ASSETCATALOG_COMPILER_APPICON_NAME = AppIcon;
				ASSETCATALOG_COMPILER_GLOBAL_ACCENT_COLOR_NAME = AccentColor;
				CODE_SIGN_STYLE = Automatic;
				DEVELOPMENT_TEAM = ULD7V9KAD3;
				INFOPLIST_FILE = "GoodWeather Rx/Info.plist";
				LD_RUNPATH_SEARCH_PATHS = (
					"$(inherited)",
					"@executable_path/Frameworks",
				);
				PRODUCT_BUNDLE_IDENTIFIER = "com.myrondulay.GoodWeather-Rx";
				PRODUCT_NAME = "$(TARGET_NAME)";
				SWIFT_VERSION = 5.0;
				TARGETED_DEVICE_FAMILY = "1,2";
			};
			name = Debug;
		};
		C41D11EE26297A38007D8C0E /* Release */ = {
			isa = XCBuildConfiguration;
			baseConfigurationReference = ADA15FB4B5B0D042CE8FF460 /* Pods-GoodWeather Rx.release.xcconfig */;
			buildSettings = {
				ASSETCATALOG_COMPILER_APPICON_NAME = AppIcon;
				ASSETCATALOG_COMPILER_GLOBAL_ACCENT_COLOR_NAME = AccentColor;
				CODE_SIGN_STYLE = Automatic;
				DEVELOPMENT_TEAM = ULD7V9KAD3;
				INFOPLIST_FILE = "GoodWeather Rx/Info.plist";
				LD_RUNPATH_SEARCH_PATHS = (
					"$(inherited)",
					"@executable_path/Frameworks",
				);
				PRODUCT_BUNDLE_IDENTIFIER = "com.myrondulay.GoodWeather-Rx";
				PRODUCT_NAME = "$(TARGET_NAME)";
				SWIFT_VERSION = 5.0;
				TARGETED_DEVICE_FAMILY = "1,2";
			};
			name = Release;
		};
		C41D11F026297A38007D8C0E /* Debug */ = {
			isa = XCBuildConfiguration;
			baseConfigurationReference = C64B54A01542790C05DF9962 /* Pods-GoodWeather RxTests.debug.xcconfig */;
			buildSettings = {
				ALWAYS_EMBED_SWIFT_STANDARD_LIBRARIES = YES;
				BUNDLE_LOADER = "$(TEST_HOST)";
				CODE_SIGN_STYLE = Automatic;
				DEVELOPMENT_TEAM = ULD7V9KAD3;
				INFOPLIST_FILE = "GoodWeather RxTests/Info.plist";
				IPHONEOS_DEPLOYMENT_TARGET = 14.4;
				LD_RUNPATH_SEARCH_PATHS = (
					"$(inherited)",
					"@executable_path/Frameworks",
					"@loader_path/Frameworks",
				);
				PRODUCT_BUNDLE_IDENTIFIER = "com.myrondulay.GoodWeather-RxTests";
				PRODUCT_NAME = "$(TARGET_NAME)";
				SWIFT_VERSION = 5.0;
				TARGETED_DEVICE_FAMILY = "1,2";
				TEST_HOST = "$(BUILT_PRODUCTS_DIR)/GoodWeather Rx.app/GoodWeather Rx";
			};
			name = Debug;
		};
		C41D11F126297A38007D8C0E /* Release */ = {
			isa = XCBuildConfiguration;
			baseConfigurationReference = 49649F3241BF99C374139526 /* Pods-GoodWeather RxTests.release.xcconfig */;
			buildSettings = {
				ALWAYS_EMBED_SWIFT_STANDARD_LIBRARIES = YES;
				BUNDLE_LOADER = "$(TEST_HOST)";
				CODE_SIGN_STYLE = Automatic;
				DEVELOPMENT_TEAM = ULD7V9KAD3;
				INFOPLIST_FILE = "GoodWeather RxTests/Info.plist";
				IPHONEOS_DEPLOYMENT_TARGET = 14.4;
				LD_RUNPATH_SEARCH_PATHS = (
					"$(inherited)",
					"@executable_path/Frameworks",
					"@loader_path/Frameworks",
				);
				PRODUCT_BUNDLE_IDENTIFIER = "com.myrondulay.GoodWeather-RxTests";
				PRODUCT_NAME = "$(TARGET_NAME)";
				SWIFT_VERSION = 5.0;
				TARGETED_DEVICE_FAMILY = "1,2";
				TEST_HOST = "$(BUILT_PRODUCTS_DIR)/GoodWeather Rx.app/GoodWeather Rx";
			};
			name = Release;
		};
		C41D11F326297A38007D8C0E /* Debug */ = {
			isa = XCBuildConfiguration;
			baseConfigurationReference = 94E05561F3D40D5AA58BE4A8 /* Pods-GoodWeather Rx-GoodWeather RxUITests.debug.xcconfig */;
			buildSettings = {
				ALWAYS_EMBED_SWIFT_STANDARD_LIBRARIES = YES;
				CODE_SIGN_STYLE = Automatic;
				DEVELOPMENT_TEAM = ULD7V9KAD3;
				INFOPLIST_FILE = "GoodWeather RxUITests/Info.plist";
				LD_RUNPATH_SEARCH_PATHS = (
					"$(inherited)",
					"@executable_path/Frameworks",
					"@loader_path/Frameworks",
				);
				PRODUCT_BUNDLE_IDENTIFIER = "com.myrondulay.GoodWeather-RxUITests";
				PRODUCT_NAME = "$(TARGET_NAME)";
				SWIFT_VERSION = 5.0;
				TARGETED_DEVICE_FAMILY = "1,2";
				TEST_TARGET_NAME = "GoodWeather Rx";
			};
			name = Debug;
		};
		C41D11F426297A38007D8C0E /* Release */ = {
			isa = XCBuildConfiguration;
			baseConfigurationReference = D0FE37C7587CE2F0C42D744A /* Pods-GoodWeather Rx-GoodWeather RxUITests.release.xcconfig */;
			buildSettings = {
				ALWAYS_EMBED_SWIFT_STANDARD_LIBRARIES = YES;
				CODE_SIGN_STYLE = Automatic;
				DEVELOPMENT_TEAM = ULD7V9KAD3;
				INFOPLIST_FILE = "GoodWeather RxUITests/Info.plist";
				LD_RUNPATH_SEARCH_PATHS = (
					"$(inherited)",
					"@executable_path/Frameworks",
					"@loader_path/Frameworks",
				);
				PRODUCT_BUNDLE_IDENTIFIER = "com.myrondulay.GoodWeather-RxUITests";
				PRODUCT_NAME = "$(TARGET_NAME)";
				SWIFT_VERSION = 5.0;
				TARGETED_DEVICE_FAMILY = "1,2";
				TEST_TARGET_NAME = "GoodWeather Rx";
			};
			name = Release;
		};
/* End XCBuildConfiguration section */

/* Begin XCConfigurationList section */
		C41D11BD26297A37007D8C0E /* Build configuration list for PBXProject "GoodWeather Rx" */ = {
			isa = XCConfigurationList;
			buildConfigurations = (
				C41D11EA26297A38007D8C0E /* Debug */,
				C41D11EB26297A38007D8C0E /* Release */,
			);
			defaultConfigurationIsVisible = 0;
			defaultConfigurationName = Release;
		};
		C41D11EC26297A38007D8C0E /* Build configuration list for PBXNativeTarget "GoodWeather Rx" */ = {
			isa = XCConfigurationList;
			buildConfigurations = (
				C41D11ED26297A38007D8C0E /* Debug */,
				C41D11EE26297A38007D8C0E /* Release */,
			);
			defaultConfigurationIsVisible = 0;
			defaultConfigurationName = Release;
		};
		C41D11EF26297A38007D8C0E /* Build configuration list for PBXNativeTarget "GoodWeather RxTests" */ = {
			isa = XCConfigurationList;
			buildConfigurations = (
				C41D11F026297A38007D8C0E /* Debug */,
				C41D11F126297A38007D8C0E /* Release */,
			);
			defaultConfigurationIsVisible = 0;
			defaultConfigurationName = Release;
		};
		C41D11F226297A38007D8C0E /* Build configuration list for PBXNativeTarget "GoodWeather RxUITests" */ = {
			isa = XCConfigurationList;
			buildConfigurations = (
				C41D11F326297A38007D8C0E /* Debug */,
				C41D11F426297A38007D8C0E /* Release */,
			);
			defaultConfigurationIsVisible = 0;
			defaultConfigurationName = Release;
		};
/* End XCConfigurationList section */
	};
	rootObject = C41D11BA26297A37007D8C0E /* Project object */;
}
