// !$*UTF8*$!
{
	archiveVersion = 1;
	classes = {
	};
	objectVersion = 50;
	objects = {

/* Begin PBXBuildFile section */
		C41D11C626297A37007D8C0E /* AppDelegate.swift in Sources */ = {isa = PBXBuildFile; fileRef = C41D11C526297A37007D8C0E /* AppDelegate.swift */; };
		C41D11C826297A37007D8C0E /* SceneDelegate.swift in Sources */ = {isa = PBXBuildFile; fileRef = C41D11C726297A37007D8C0E /* SceneDelegate.swift */; };
		C41D11CA26297A37007D8C0E /* ViewController.swift in Sources */ = {isa = PBXBuildFile; fileRef = C41D11C926297A37007D8C0E /* ViewController.swift */; };
		C41D11CD26297A37007D8C0E /* Main.storyboard in Resources */ = {isa = PBXBuildFile; fileRef = C41D11CB26297A37007D8C0E /* Main.storyboard */; };
		C41D11CF26297A38007D8C0E /* Assets.xcassets in Resources */ = {isa = PBXBuildFile; fileRef = C41D11CE26297A38007D8C0E /* Assets.xcassets */; };
		C41D11D226297A38007D8C0E /* LaunchScreen.storyboard in Resources */ = {isa = PBXBuildFile; fileRef = C41D11D026297A38007D8C0E /* LaunchScreen.storyboard */; };
		C41D11DD26297A38007D8C0E /* GoodWeather_RxTests.swift in Sources */ = {isa = PBXBuildFile; fileRef = C41D11DC26297A38007D8C0E /* GoodWeather_RxTests.swift */; };
		C41D11E826297A38007D8C0E /* GoodWeather_RxUITests.swift in Sources */ = {isa = PBXBuildFile; fileRef = C41D11E726297A38007D8C0E /* GoodWeather_RxUITests.swift */; };
/* End PBXBuildFile section */

/* Begin PBXContainerItemProxy section */
		C41D11D926297A38007D8C0E /* PBXContainerItemProxy */ = {
			isa = PBXContainerItemProxy;
			containerPortal = C41D11BA26297A37007D8C0E /* Project object */;
			proxyType = 1;
			remoteGlobalIDString = C41D11C126297A37007D8C0E;
			remoteInfo = "GoodWeather Rx";
		};
		C41D11E426297A38007D8C0E /* PBXContainerItemProxy */ = {
			isa = PBXContainerItemProxy;
			containerPortal = C41D11BA26297A37007D8C0E /* Project object */;
			proxyType = 1;
			remoteGlobalIDString = C41D11C126297A37007D8C0E;
			remoteInfo = "GoodWeather Rx";
		};
/* End PBXContainerItemProxy section */

/* Begin PBXFileReference section */
		C41D11C226297A37007D8C0E /* GoodWeather Rx.app */ = {isa = PBXFileReference; explicitFileType = wrapper.application; includeInIndex = 0; path = "GoodWeather Rx.app"; sourceTree = BUILT_PRODUCTS_DIR; };
		C41D11C526297A37007D8C0E /* AppDelegate.swift */ = {isa = PBXFileReference; lastKnownFileType = sourcecode.swift; path = AppDelegate.swift; sourceTree = "<group>"; };
		C41D11C726297A37007D8C0E /* SceneDelegate.swift */ = {isa = PBXFileReference; lastKnownFileType = sourcecode.swift; path = SceneDelegate.swift; sourceTree = "<group>"; };
		C41D11C926297A37007D8C0E /* ViewController.swift */ = {isa = PBXFileReference; lastKnownFileType = sourcecode.swift; path = ViewController.swift; sourceTree = "<group>"; };
		C41D11CC26297A37007D8C0E /* Base */ = {isa = PBXFileReference; lastKnownFileType = file.storyboard; name = Base; path = Base.lproj/Main.storyboard; sourceTree = "<group>"; };
		C41D11CE26297A38007D8C0E /* Assets.xcassets */ = {isa = PBXFileReference; lastKnownFileType = folder.assetcatalog; path = Assets.xcassets; sourceTree = "<group>"; };
		C41D11D126297A38007D8C0E /* Base */ = {isa = PBXFileReference; lastKnownFileType = file.storyboard; name = Base; path = Base.lproj/LaunchScreen.storyboard; sourceTree = "<group>"; };
		C41D11D326297A38007D8C0E /* Info.plist */ = {isa = PBXFileReference; lastKnownFileType = text.plist.xml; path = Info.plist; sourceTree = "<group>"; };
		C41D11D826297A38007D8C0E /* GoodWeather RxTests.xctest */ = {isa = PBXFileReference; explicitFileType = wrapper.cfbundle; includeInIndex = 0; path = "GoodWeather RxTests.xctest"; sourceTree = BUILT_PRODUCTS_DIR; };
		C41D11DC26297A38007D8C0E /* GoodWeather_RxTests.swift */ = {isa = PBXFileReference; lastKnownFileType = sourcecode.swift; path = GoodWeather_RxTests.swift; sourceTree = "<group>"; };
		C41D11DE26297A38007D8C0E /* Info.plist */ = {isa = PBXFileReference; lastKnownFileType = text.plist.xml; path = Info.plist; sourceTree = "<group>"; };
		C41D11E326297A38007D8C0E /* GoodWeather RxUITests.xctest */ = {isa = PBXFileReference; explicitFileType = wrapper.cfbundle; includeInIndex = 0; path = "GoodWeather RxUITests.xctest"; sourceTree = BUILT_PRODUCTS_DIR; };
		C41D11E726297A38007D8C0E /* GoodWeather_RxUITests.swift */ = {isa = PBXFileReference; lastKnownFileType = sourcecode.swift; path = GoodWeather_RxUITests.swift; sourceTree = "<group>"; };
		C41D11E926297A38007D8C0E /* Info.plist */ = {isa = PBXFileReference; lastKnownFileType = text.plist.xml; path = Info.plist; sourceTree = "<group>"; };
/* End PBXFileReference section */

/* Begin PBXFrameworksBuildPhase section */
		C41D11BF26297A37007D8C0E /* Frameworks */ = {
			isa = PBXFrameworksBuildPhase;
			buildActionMask = 2147483647;
			files = (
			);
			runOnlyForDeploymentPostprocessing = 0;
		};
		C41D11D526297A38007D8C0E /* Frameworks */ = {
			isa = PBXFrameworksBuildPhase;
			buildActionMask = 2147483647;
			files = (
			);
			runOnlyForDeploymentPostprocessing = 0;
		};
		C41D11E026297A38007D8C0E /* Frameworks */ = {
			isa = PBXFrameworksBuildPhase;
			buildActionMask = 2147483647;
			files = (
			);
			runOnlyForDeploymentPostprocessing = 0;
		};
/* End PBXFrameworksBuildPhase section */

/* Begin PBXGroup section */
		C41D11B926297A37007D8C0E = {
			isa = PBXGroup;
			children = (
				C41D11C426297A37007D8C0E /* GoodWeather Rx */,
				C41D11DB26297A38007D8C0E /* GoodWeather RxTests */,
				C41D11E626297A38007D8C0E /* GoodWeather RxUITests */,
				C41D11C326297A37007D8C0E /* Products */,
			);
			sourceTree = "<group>";
		};
		C41D11C326297A37007D8C0E /* Products */ = {
			isa = PBXGroup;
			children = (
				C41D11C226297A37007D8C0E /* GoodWeather Rx.app */,
				C41D11D826297A38007D8C0E /* GoodWeather RxTests.xctest */,
				C41D11E326297A38007D8C0E /* GoodWeather RxUITests.xctest */,
			);
			name = Products;
			sourceTree = "<group>";
		};
		C41D11C426297A37007D8C0E /* GoodWeather Rx */ = {
			isa = PBXGroup;
			children = (
				C41D11C526297A37007D8C0E /* AppDelegate.swift */,
				C41D11C726297A37007D8C0E /* SceneDelegate.swift */,
				C41D11C926297A37007D8C0E /* ViewController.swift */,
				C41D11CB26297A37007D8C0E /* Main.storyboard */,
				C41D11CE26297A38007D8C0E /* Assets.xcassets */,
				C41D11D026297A38007D8C0E /* LaunchScreen.storyboard */,
				C41D11D326297A38007D8C0E /* Info.plist */,
			);
			path = "GoodWeather Rx";
			sourceTree = "<group>";
		};
		C41D11DB26297A38007D8C0E /* GoodWeather RxTests */ = {
			isa = PBXGroup;
			children = (
				C41D11DC26297A38007D8C0E /* GoodWeather_RxTests.swift */,
				C41D11DE26297A38007D8C0E /* Info.plist */,
			);
			path = "GoodWeather RxTests";
			sourceTree = "<group>";
		};
		C41D11E626297A38007D8C0E /* GoodWeather RxUITests */ = {
			isa = PBXGroup;
			children = (
				C41D11E726297A38007D8C0E /* GoodWeather_RxUITests.swift */,
				C41D11E926297A38007D8C0E /* Info.plist */,
			);
			path = "GoodWeather RxUITests";
			sourceTree = "<group>";
		};
/* End PBXGroup section */

/* Begin PBXNativeTarget section */
		C41D11C126297A37007D8C0E /* GoodWeather Rx */ = {
			isa = PBXNativeTarget;
			buildConfigurationList = C41D11EC26297A38007D8C0E /* Build configuration list for PBXNativeTarget "GoodWeather Rx" */;
			buildPhases = (
				C41D11BE26297A37007D8C0E /* Sources */,
				C41D11BF26297A37007D8C0E /* Frameworks */,
				C41D11C026297A37007D8C0E /* Resources */,
			);
			buildRules = (
			);
			dependencies = (
			);
			name = "GoodWeather Rx";
			productName = "GoodWeather Rx";
			productReference = C41D11C226297A37007D8C0E /* GoodWeather Rx.app */;
			productType = "com.apple.product-type.application";
		};
		C41D11D726297A38007D8C0E /* GoodWeather RxTests */ = {
			isa = PBXNativeTarget;
			buildConfigurationList = C41D11EF26297A38007D8C0E /* Build configuration list for PBXNativeTarget "GoodWeather RxTests" */;
			buildPhases = (
				C41D11D426297A38007D8C0E /* Sources */,
				C41D11D526297A38007D8C0E /* Frameworks */,
				C41D11D626297A38007D8C0E /* Resources */,
			);
			buildRules = (
			);
			dependencies = (
				C41D11DA26297A38007D8C0E /* PBXTargetDependency */,
			);
			name = "GoodWeather RxTests";
			productName = "GoodWeather RxTests";
			productReference = C41D11D826297A38007D8C0E /* GoodWeather RxTests.xctest */;
			productType = "com.apple.product-type.bundle.unit-test";
		};
		C41D11E226297A38007D8C0E /* GoodWeather RxUITests */ = {
			isa = PBXNativeTarget;
			buildConfigurationList = C41D11F226297A38007D8C0E /* Build configuration list for PBXNativeTarget "GoodWeather RxUITests" */;
			buildPhases = (
				C41D11DF26297A38007D8C0E /* Sources */,
				C41D11E026297A38007D8C0E /* Frameworks */,
				C41D11E126297A38007D8C0E /* Resources */,
			);
			buildRules = (
			);
			dependencies = (
				C41D11E526297A38007D8C0E /* PBXTargetDependency */,
			);
			name = "GoodWeather RxUITests";
			productName = "GoodWeather RxUITests";
			productReference = C41D11E326297A38007D8C0E /* GoodWeather RxUITests.xctest */;
			productType = "com.apple.product-type.bundle.ui-testing";
		};
/* End PBXNativeTarget section */

/* Begin PBXProject section */
		C41D11BA26297A37007D8C0E /* Project object */ = {
			isa = PBXProject;
			attributes = {
				LastSwiftUpdateCheck = 1240;
				LastUpgradeCheck = 1240;
				TargetAttributes = {
					C41D11C126297A37007D8C0E = {
						CreatedOnToolsVersion = 12.4;
					};
					C41D11D726297A38007D8C0E = {
						CreatedOnToolsVersion = 12.4;
						TestTargetID = C41D11C126297A37007D8C0E;
					};
					C41D11E226297A38007D8C0E = {
						CreatedOnToolsVersion = 12.4;
						TestTargetID = C41D11C126297A37007D8C0E;
					};
				};
			};
			buildConfigurationList = C41D11BD26297A37007D8C0E /* Build configuration list for PBXProject "GoodWeather Rx" */;
			compatibilityVersion = "Xcode 9.3";
			developmentRegion = en;
			hasScannedForEncodings = 0;
			knownRegions = (
				en,
				Base,
			);
			mainGroup = C41D11B926297A37007D8C0E;
			productRefGroup = C41D11C326297A37007D8C0E /* Products */;
			projectDirPath = "";
			projectRoot = "";
			targets = (
				C41D11C126297A37007D8C0E /* GoodWeather Rx */,
				C41D11D726297A38007D8C0E /* GoodWeather RxTests */,
				C41D11E226297A38007D8C0E /* GoodWeather RxUITests */,
			);
		};
/* End PBXProject section */

/* Begin PBXResourcesBuildPhase section */
		C41D11C026297A37007D8C0E /* Resources */ = {
			isa = PBXResourcesBuildPhase;
			buildActionMask = 2147483647;
			files = (
				C41D11D226297A38007D8C0E /* LaunchScreen.storyboard in Resources */,
				C41D11CF26297A38007D8C0E /* Assets.xcassets in Resources */,
				C41D11CD26297A37007D8C0E /* Main.storyboard in Resources */,
			);
			runOnlyForDeploymentPostprocessing = 0;
		};
		C41D11D626297A38007D8C0E /* Resources */ = {
			isa = PBXResourcesBuildPhase;
			buildActionMask = 2147483647;
			files = (
			);
			runOnlyForDeploymentPostprocessing = 0;
		};
		C41D11E126297A38007D8C0E /* Resources */ = {
			isa = PBXResourcesBuildPhase;
			buildActionMask = 2147483647;
			files = (
			);
			runOnlyForDeploymentPostprocessing = 0;
		};
/* End PBXResourcesBuildPhase section */

/* Begin PBXSourcesBuildPhase section */
		C41D11BE26297A37007D8C0E /* Sources */ = {
			isa = PBXSourcesBuildPhase;
			buildActionMask = 2147483647;
			files = (
				C41D11CA26297A37007D8C0E /* ViewController.swift in Sources */,
				C41D11C626297A37007D8C0E /* AppDelegate.swift in Sources */,
				C41D11C826297A37007D8C0E /* SceneDelegate.swift in Sources */,
			);
			runOnlyForDeploymentPostprocessing = 0;
		};
		C41D11D426297A38007D8C0E /* Sources */ = {
			isa = PBXSourcesBuildPhase;
			buildActionMask = 2147483647;
			files = (
				C41D11DD26297A38007D8C0E /* GoodWeather_RxTests.swift in Sources */,
			);
			runOnlyForDeploymentPostprocessing = 0;
		};
		C41D11DF26297A38007D8C0E /* Sources */ = {
			isa = PBXSourcesBuildPhase;
			buildActionMask = 2147483647;
			files = (
				C41D11E826297A38007D8C0E /* GoodWeather_RxUITests.swift in Sources */,
			);
			runOnlyForDeploymentPostprocessing = 0;
		};
/* End PBXSourcesBuildPhase section */

/* Begin PBXTargetDependency section */
		C41D11DA26297A38007D8C0E /* PBXTargetDependency */ = {
			isa = PBXTargetDependency;
			target = C41D11C126297A37007D8C0E /* GoodWeather Rx */;
			targetProxy = C41D11D926297A38007D8C0E /* PBXContainerItemProxy */;
		};
		C41D11E526297A38007D8C0E /* PBXTargetDependency */ = {
			isa = PBXTargetDependency;
			target = C41D11C126297A37007D8C0E /* GoodWeather Rx */;
			targetProxy = C41D11E426297A38007D8C0E /* PBXContainerItemProxy */;
		};
/* End PBXTargetDependency section */

/* Begin PBXVariantGroup section */
		C41D11CB26297A37007D8C0E /* Main.storyboard */ = {
			isa = PBXVariantGroup;
			children = (
				C41D11CC26297A37007D8C0E /* Base */,
			);
			name = Main.storyboard;
			sourceTree = "<group>";
		};
		C41D11D026297A38007D8C0E /* LaunchScreen.storyboard */ = {
			isa = PBXVariantGroup;
			children = (
				C41D11D126297A38007D8C0E /* Base */,
			);
			name = LaunchScreen.storyboard;
			sourceTree = "<group>";
		};
/* End PBXVariantGroup section */

/* Begin XCBuildConfiguration section */
		C41D11EA26297A38007D8C0E /* Debug */ = {
			isa = XCBuildConfiguration;
			buildSettings = {
				ALWAYS_SEARCH_USER_PATHS = NO;
				CLANG_ANALYZER_NONNULL = YES;
				CLANG_ANALYZER_NUMBER_OBJECT_CONVERSION = YES_AGGRESSIVE;
				CLANG_CXX_LANGUAGE_STANDARD = "gnu++14";
				CLANG_CXX_LIBRARY = "libc++";
				CLANG_ENABLE_MODULES = YES;
				CLANG_ENABLE_OBJC_ARC = YES;
				CLANG_ENABLE_OBJC_WEAK = YES;
				CLANG_WARN_BLOCK_CAPTURE_AUTORELEASING = YES;
				CLANG_WARN_BOOL_CONVERSION = YES;
				CLANG_WARN_COMMA = YES;
				CLANG_WARN_CONSTANT_CONVERSION = YES;
				CLANG_WARN_DEPRECATED_OBJC_IMPLEMENTATIONS = YES;
				CLANG_WARN_DIRECT_OBJC_ISA_USAGE = YES_ERROR;
				CLANG_WARN_DOCUMENTATION_COMMENTS = YES;
				CLANG_WARN_EMPTY_BODY = YES;
				CLANG_WARN_ENUM_CONVERSION = YES;
				CLANG_WARN_INFINITE_RECURSION = YES;
				CLANG_WARN_INT_CONVERSION = YES;
				CLANG_WARN_NON_LITERAL_NULL_CONVERSION = YES;
				CLANG_WARN_OBJC_IMPLICIT_RETAIN_SELF = YES;
				CLANG_WARN_OBJC_LITERAL_CONVERSION = YES;
				CLANG_WARN_OBJC_ROOT_CLASS = YES_ERROR;
				CLANG_WARN_QUOTED_INCLUDE_IN_FRAMEWORK_HEADER = YES;
				CLANG_WARN_RANGE_LOOP_ANALYSIS = YES;
				CLANG_WARN_STRICT_PROTOTYPES = YES;
				CLANG_WARN_SUSPICIOUS_MOVE = YES;
				CLANG_WARN_UNGUARDED_AVAILABILITY = YES_AGGRESSIVE;
				CLANG_WARN_UNREACHABLE_CODE = YES;
				CLANG_WARN__DUPLICATE_METHOD_MATCH = YES;
				COPY_PHASE_STRIP = NO;
				DEBUG_INFORMATION_FORMAT = dwarf;
				ENABLE_STRICT_OBJC_MSGSEND = YES;
				ENABLE_TESTABILITY = YES;
				GCC_C_LANGUAGE_STANDARD = gnu11;
				GCC_DYNAMIC_NO_PIC = NO;
				GCC_NO_COMMON_BLOCKS = YES;
				GCC_OPTIMIZATION_LEVEL = 0;
				GCC_PREPROCESSOR_DEFINITIONS = (
					"DEBUG=1",
					"$(inherited)",
				);
				GCC_WARN_64_TO_32_BIT_CONVERSION = YES;
				GCC_WARN_ABOUT_RETURN_TYPE = YES_ERROR;
				GCC_WARN_UNDECLARED_SELECTOR = YES;
				GCC_WARN_UNINITIALIZED_AUTOS = YES_AGGRESSIVE;
				GCC_WARN_UNUSED_FUNCTION = YES;
				GCC_WARN_UNUSED_VARIABLE = YES;
				IPHONEOS_DEPLOYMENT_TARGET = 14.4;
				MTL_ENABLE_DEBUG_INFO = INCLUDE_SOURCE;
				MTL_FAST_MATH = YES;
				ONLY_ACTIVE_ARCH = YES;
				SDKROOT = iphoneos;
				SWIFT_ACTIVE_COMPILATION_CONDITIONS = DEBUG;
				SWIFT_OPTIMIZATION_LEVEL = "-Onone";
			};
			name = Debug;
		};
		C41D11EB26297A38007D8C0E /* Release */ = {
			isa = XCBuildConfiguration;
			buildSettings = {
				ALWAYS_SEARCH_USER_PATHS = NO;
				CLANG_ANALYZER_NONNULL = YES;
				CLANG_ANALYZER_NUMBER_OBJECT_CONVERSION = YES_AGGRESSIVE;
				CLANG_CXX_LANGUAGE_STANDARD = "gnu++14";
				CLANG_CXX_LIBRARY = "libc++";
				CLANG_ENABLE_MODULES = YES;
				CLANG_ENABLE_OBJC_ARC = YES;
				CLANG_ENABLE_OBJC_WEAK = YES;
				CLANG_WARN_BLOCK_CAPTURE_AUTORELEASING = YES;
				CLANG_WARN_BOOL_CONVERSION = YES;
				CLANG_WARN_COMMA = YES;
				CLANG_WARN_CONSTANT_CONVERSION = YES;
				CLANG_WARN_DEPRECATED_OBJC_IMPLEMENTATIONS = YES;
				CLANG_WARN_DIRECT_OBJC_ISA_USAGE = YES_ERROR;
				CLANG_WARN_DOCUMENTATION_COMMENTS = YES;
				CLANG_WARN_EMPTY_BODY = YES;
				CLANG_WARN_ENUM_CONVERSION = YES;
				CLANG_WARN_INFINITE_RECURSION = YES;
				CLANG_WARN_INT_CONVERSION = YES;
				CLANG_WARN_NON_LITERAL_NULL_CONVERSION = YES;
				CLANG_WARN_OBJC_IMPLICIT_RETAIN_SELF = YES;
				CLANG_WARN_OBJC_LITERAL_CONVERSION = YES;
				CLANG_WARN_OBJC_ROOT_CLASS = YES_ERROR;
				CLANG_WARN_QUOTED_INCLUDE_IN_FRAMEWORK_HEADER = YES;
				CLANG_WARN_RANGE_LOOP_ANALYSIS = YES;
				CLANG_WARN_STRICT_PROTOTYPES = YES;
				CLANG_WARN_SUSPICIOUS_MOVE = YES;
				CLANG_WARN_UNGUARDED_AVAILABILITY = YES_AGGRESSIVE;
				CLANG_WARN_UNREACHABLE_CODE = YES;
				CLANG_WARN__DUPLICATE_METHOD_MATCH = YES;
				COPY_PHASE_STRIP = NO;
				DEBUG_INFORMATION_FORMAT = "dwarf-with-dsym";
				ENABLE_NS_ASSERTIONS = NO;
				ENABLE_STRICT_OBJC_MSGSEND = YES;
				GCC_C_LANGUAGE_STANDARD = gnu11;
				GCC_NO_COMMON_BLOCKS = YES;
				GCC_WARN_64_TO_32_BIT_CONVERSION = YES;
				GCC_WARN_ABOUT_RETURN_TYPE = YES_ERROR;
				GCC_WARN_UNDECLARED_SELECTOR = YES;
				GCC_WARN_UNINITIALIZED_AUTOS = YES_AGGRESSIVE;
				GCC_WARN_UNUSED_FUNCTION = YES;
				GCC_WARN_UNUSED_VARIABLE = YES;
				IPHONEOS_DEPLOYMENT_TARGET = 14.4;
				MTL_ENABLE_DEBUG_INFO = NO;
				MTL_FAST_MATH = YES;
				SDKROOT = iphoneos;
				SWIFT_COMPILATION_MODE = wholemodule;
				SWIFT_OPTIMIZATION_LEVEL = "-O";
				VALIDATE_PRODUCT = YES;
			};
			name = Release;
		};
		C41D11ED26297A38007D8C0E /* Debug */ = {
			isa = XCBuildConfiguration;
			buildSettings = {
				ASSETCATALOG_COMPILER_APPICON_NAME = AppIcon;
				ASSETCATALOG_COMPILER_GLOBAL_ACCENT_COLOR_NAME = AccentColor;
				CODE_SIGN_STYLE = Automatic;
				DEVELOPMENT_TEAM = ULD7V9KAD3;
				INFOPLIST_FILE = "GoodWeather Rx/Info.plist";
				LD_RUNPATH_SEARCH_PATHS = (
					"$(inherited)",
					"@executable_path/Frameworks",
				);
				PRODUCT_BUNDLE_IDENTIFIER = "com.myrondulay.GoodWeather-Rx";
				PRODUCT_NAME = "$(TARGET_NAME)";
				SWIFT_VERSION = 5.0;
				TARGETED_DEVICE_FAMILY = "1,2";
			};
			name = Debug;
		};
		C41D11EE26297A38007D8C0E /* Release */ = {
			isa = XCBuildConfiguration;
			buildSettings = {
				ASSETCATALOG_COMPILER_APPICON_NAME = AppIcon;
				ASSETCATALOG_COMPILER_GLOBAL_ACCENT_COLOR_NAME = AccentColor;
				CODE_SIGN_STYLE = Automatic;
				DEVELOPMENT_TEAM = ULD7V9KAD3;
				INFOPLIST_FILE = "GoodWeather Rx/Info.plist";
				LD_RUNPATH_SEARCH_PATHS = (
					"$(inherited)",
					"@executable_path/Frameworks",
				);
				PRODUCT_BUNDLE_IDENTIFIER = "com.myrondulay.GoodWeather-Rx";
				PRODUCT_NAME = "$(TARGET_NAME)";
				SWIFT_VERSION = 5.0;
				TARGETED_DEVICE_FAMILY = "1,2";
			};
			name = Release;
		};
		C41D11F026297A38007D8C0E /* Debug */ = {
			isa = XCBuildConfiguration;
			buildSettings = {
				ALWAYS_EMBED_SWIFT_STANDARD_LIBRARIES = YES;
				BUNDLE_LOADER = "$(TEST_HOST)";
				CODE_SIGN_STYLE = Automatic;
				DEVELOPMENT_TEAM = ULD7V9KAD3;
				INFOPLIST_FILE = "GoodWeather RxTests/Info.plist";
				IPHONEOS_DEPLOYMENT_TARGET = 14.4;
				LD_RUNPATH_SEARCH_PATHS = (
					"$(inherited)",
					"@executable_path/Frameworks",
					"@loader_path/Frameworks",
				);
				PRODUCT_BUNDLE_IDENTIFIER = "com.myrondulay.GoodWeather-RxTests";
				PRODUCT_NAME = "$(TARGET_NAME)";
				SWIFT_VERSION = 5.0;
				TARGETED_DEVICE_FAMILY = "1,2";
				TEST_HOST = "$(BUILT_PRODUCTS_DIR)/GoodWeather Rx.app/GoodWeather Rx";
			};
			name = Debug;
		};
		C41D11F126297A38007D8C0E /* Release */ = {
			isa = XCBuildConfiguration;
			buildSettings = {
				ALWAYS_EMBED_SWIFT_STANDARD_LIBRARIES = YES;
				BUNDLE_LOADER = "$(TEST_HOST)";
				CODE_SIGN_STYLE = Automatic;
				DEVELOPMENT_TEAM = ULD7V9KAD3;
				INFOPLIST_FILE = "GoodWeather RxTests/Info.plist";
				IPHONEOS_DEPLOYMENT_TARGET = 14.4;
				LD_RUNPATH_SEARCH_PATHS = (
					"$(inherited)",
					"@executable_path/Frameworks",
					"@loader_path/Frameworks",
				);
				PRODUCT_BUNDLE_IDENTIFIER = "com.myrondulay.GoodWeather-RxTests";
				PRODUCT_NAME = "$(TARGET_NAME)";
				SWIFT_VERSION = 5.0;
				TARGETED_DEVICE_FAMILY = "1,2";
				TEST_HOST = "$(BUILT_PRODUCTS_DIR)/GoodWeather Rx.app/GoodWeather Rx";
			};
			name = Release;
		};
		C41D11F326297A38007D8C0E /* Debug */ = {
			isa = XCBuildConfiguration;
			buildSettings = {
				ALWAYS_EMBED_SWIFT_STANDARD_LIBRARIES = YES;
				CODE_SIGN_STYLE = Automatic;
				DEVELOPMENT_TEAM = ULD7V9KAD3;
				INFOPLIST_FILE = "GoodWeather RxUITests/Info.plist";
				LD_RUNPATH_SEARCH_PATHS = (
					"$(inherited)",
					"@executable_path/Frameworks",
					"@loader_path/Frameworks",
				);
				PRODUCT_BUNDLE_IDENTIFIER = "com.myrondulay.GoodWeather-RxUITests";
				PRODUCT_NAME = "$(TARGET_NAME)";
				SWIFT_VERSION = 5.0;
				TARGETED_DEVICE_FAMILY = "1,2";
				TEST_TARGET_NAME = "GoodWeather Rx";
			};
			name = Debug;
		};
		C41D11F426297A38007D8C0E /* Release */ = {
			isa = XCBuildConfiguration;
			buildSettings = {
				ALWAYS_EMBED_SWIFT_STANDARD_LIBRARIES = YES;
				CODE_SIGN_STYLE = Automatic;
				DEVELOPMENT_TEAM = ULD7V9KAD3;
				INFOPLIST_FILE = "GoodWeather RxUITests/Info.plist";
				LD_RUNPATH_SEARCH_PATHS = (
					"$(inherited)",
					"@executable_path/Frameworks",
					"@loader_path/Frameworks",
				);
				PRODUCT_BUNDLE_IDENTIFIER = "com.myrondulay.GoodWeather-RxUITests";
				PRODUCT_NAME = "$(TARGET_NAME)";
				SWIFT_VERSION = 5.0;
				TARGETED_DEVICE_FAMILY = "1,2";
				TEST_TARGET_NAME = "GoodWeather Rx";
			};
			name = Release;
		};
/* End XCBuildConfiguration section */

/* Begin XCConfigurationList section */
		C41D11BD26297A37007D8C0E /* Build configuration list for PBXProject "GoodWeather Rx" */ = {
			isa = XCConfigurationList;
			buildConfigurations = (
				C41D11EA26297A38007D8C0E /* Debug */,
				C41D11EB26297A38007D8C0E /* Release */,
			);
			defaultConfigurationIsVisible = 0;
			defaultConfigurationName = Release;
		};
		C41D11EC26297A38007D8C0E /* Build configuration list for PBXNativeTarget "GoodWeather Rx" */ = {
			isa = XCConfigurationList;
			buildConfigurations = (
				C41D11ED26297A38007D8C0E /* Debug */,
				C41D11EE26297A38007D8C0E /* Release */,
			);
			defaultConfigurationIsVisible = 0;
			defaultConfigurationName = Release;
		};
		C41D11EF26297A38007D8C0E /* Build configuration list for PBXNativeTarget "GoodWeather RxTests" */ = {
			isa = XCConfigurationList;
			buildConfigurations = (
				C41D11F026297A38007D8C0E /* Debug */,
				C41D11F126297A38007D8C0E /* Release */,
			);
			defaultConfigurationIsVisible = 0;
			defaultConfigurationName = Release;
		};
		C41D11F226297A38007D8C0E /* Build configuration list for PBXNativeTarget "GoodWeather RxUITests" */ = {
			isa = XCConfigurationList;
			buildConfigurations = (
				C41D11F326297A38007D8C0E /* Debug */,
				C41D11F426297A38007D8C0E /* Release */,
			);
			defaultConfigurationIsVisible = 0;
			defaultConfigurationName = Release;
		};
/* End XCConfigurationList section */
	};
	rootObject = C41D11BA26297A37007D8C0E /* Project object */;
}
